// !$*UTF8*$!
{
	archiveVersion = 1;
	classes = {
	};
	objectVersion = 46;
	objects = {

/* Begin PBXBuildFile section */
		320B996E187C1293003DB7B3 /* Cocoa.framework in Frameworks */ = {isa = PBXBuildFile; fileRef = 320B996D187C1293003DB7B3 /* Cocoa.framework */; };
		3228E445187F200D0037DECF /* TRVSCodeFragment.m in Sources */ = {isa = PBXBuildFile; fileRef = 3228E444187F200D0037DECF /* TRVSCodeFragment.m */; };
		32A57EE8187C05A4002DEC9D /* Foundation.framework in Frameworks */ = {isa = PBXBuildFile; fileRef = 32A57EE7187C05A4002DEC9D /* Foundation.framework */; };
		32A57EEE187C05A4002DEC9D /* InfoPlist.strings in Resources */ = {isa = PBXBuildFile; fileRef = 32A57EEC187C05A4002DEC9D /* InfoPlist.strings */; };
		32A57EF1187C05A4002DEC9D /* TRVSClangFormat.m in Sources */ = {isa = PBXBuildFile; fileRef = 32A57EF0187C05A4002DEC9D /* TRVSClangFormat.m */; };
		32ABEDCA187EF90500D4E980 /* TRVSXcode.m in Sources */ = {isa = PBXBuildFile; fileRef = 32ABEDC9187EF90500D4E980 /* TRVSXcode.m */; settings = {COMPILER_FLAGS = "-fno-objc-arc"; }; };
		32ABEDD0187EF98400D4E980 /* DVTFoundation.framework in Frameworks */ = {isa = PBXBuildFile; fileRef = 32ABEDCE187EF98400D4E980 /* DVTFoundation.framework */; };
		32ABEDD1187EF98400D4E980 /* DVTKit.framework in Frameworks */ = {isa = PBXBuildFile; fileRef = 32ABEDCF187EF98400D4E980 /* DVTKit.framework */; };
		32ABEDD4187EF9A600D4E980 /* IDEFoundation.framework in Frameworks */ = {isa = PBXBuildFile; fileRef = 32ABEDD2187EF9A600D4E980 /* IDEFoundation.framework */; };
		32ABEDD5187EF9A600D4E980 /* IDEKit.framework in Frameworks */ = {isa = PBXBuildFile; fileRef = 32ABEDD3187EF9A600D4E980 /* IDEKit.framework */; };
		32ABEDDC187EFA4F00D4E980 /* TRVSFormatter.m in Sources */ = {isa = PBXBuildFile; fileRef = 32ABEDD9187EFA4F00D4E980 /* TRVSFormatter.m */; };
		32ABEDDD187EFA4F00D4E980 /* TRVSPreferences.m in Sources */ = {isa = PBXBuildFile; fileRef = 32ABEDDB187EFA4F00D4E980 /* TRVSPreferences.m */; };
		32D2236C187C28E1008D12A3 /* clang-format in Resources */ = {isa = PBXBuildFile; fileRef = 32D2236B187C28E1008D12A3 /* clang-format */; };
		32F745E418823A57007541E1 /* NSDocument+TRVSClangFormat.m in Sources */ = {isa = PBXBuildFile; fileRef = 32F745E318823A57007541E1 /* NSDocument+TRVSClangFormat.m */; };
/* End PBXBuildFile section */

/* Begin PBXFileReference section */
		320B996D187C1293003DB7B3 /* Cocoa.framework */ = {isa = PBXFileReference; lastKnownFileType = wrapper.framework; name = Cocoa.framework; path = System/Library/Frameworks/Cocoa.framework; sourceTree = SDKROOT; };
		3228E443187F200D0037DECF /* TRVSCodeFragment.h */ = {isa = PBXFileReference; fileEncoding = 4; lastKnownFileType = sourcecode.c.h; path = TRVSCodeFragment.h; sourceTree = "<group>"; };
		3228E444187F200D0037DECF /* TRVSCodeFragment.m */ = {isa = PBXFileReference; fileEncoding = 4; lastKnownFileType = sourcecode.c.objc; path = TRVSCodeFragment.m; sourceTree = "<group>"; };
		32A57EE2187C05A4002DEC9D /* ClangFormat.xcplugin */ = {isa = PBXFileReference; explicitFileType = wrapper.cfbundle; includeInIndex = 0; path = ClangFormat.xcplugin; sourceTree = BUILT_PRODUCTS_DIR; };
		32A57EE5187C05A4002DEC9D /* AppKit.framework */ = {isa = PBXFileReference; lastKnownFileType = wrapper.framework; name = AppKit.framework; path = System/Library/Frameworks/AppKit.framework; sourceTree = SDKROOT; };
		32A57EE7187C05A4002DEC9D /* Foundation.framework */ = {isa = PBXFileReference; lastKnownFileType = wrapper.framework; name = Foundation.framework; path = System/Library/Frameworks/Foundation.framework; sourceTree = SDKROOT; };
		32A57EEB187C05A4002DEC9D /* ClangFormat-Info.plist */ = {isa = PBXFileReference; lastKnownFileType = text.plist.xml; path = "ClangFormat-Info.plist"; sourceTree = "<group>"; };
		32A57EED187C05A4002DEC9D /* en */ = {isa = PBXFileReference; lastKnownFileType = text.plist.strings; name = en; path = en.lproj/InfoPlist.strings; sourceTree = "<group>"; };
		32A57EEF187C05A4002DEC9D /* TRVSClangFormat.h */ = {isa = PBXFileReference; lastKnownFileType = sourcecode.c.h; path = TRVSClangFormat.h; sourceTree = "<group>"; };
		32A57EF0187C05A4002DEC9D /* TRVSClangFormat.m */ = {isa = PBXFileReference; lastKnownFileType = sourcecode.c.objc; path = TRVSClangFormat.m; sourceTree = "<group>"; };
		32A57EF2187C05A4002DEC9D /* ClangFormat-Prefix.pch */ = {isa = PBXFileReference; lastKnownFileType = sourcecode.c.h; path = "ClangFormat-Prefix.pch"; sourceTree = "<group>"; };
		32ABEDC8187EF90500D4E980 /* TRVSXcode.h */ = {isa = PBXFileReference; fileEncoding = 4; lastKnownFileType = sourcecode.c.h; path = TRVSXcode.h; sourceTree = "<group>"; };
		32ABEDC9187EF90500D4E980 /* TRVSXcode.m */ = {isa = PBXFileReference; fileEncoding = 4; lastKnownFileType = sourcecode.c.objc; path = TRVSXcode.m; sourceTree = "<group>"; };
		32ABEDCE187EF98400D4E980 /* DVTFoundation.framework */ = {isa = PBXFileReference; lastKnownFileType = wrapper.framework; name = DVTFoundation.framework; path = ../../../../../Applications/Xcode.app/Contents/SharedFrameworks/DVTFoundation.framework; sourceTree = "<group>"; };
		32ABEDCF187EF98400D4E980 /* DVTKit.framework */ = {isa = PBXFileReference; lastKnownFileType = wrapper.framework; name = DVTKit.framework; path = ../../../../../Applications/Xcode.app/Contents/SharedFrameworks/DVTKit.framework; sourceTree = "<group>"; };
		32ABEDD2187EF9A600D4E980 /* IDEFoundation.framework */ = {isa = PBXFileReference; lastKnownFileType = wrapper.framework; name = IDEFoundation.framework; path = ../../../../../Applications/Xcode.app/Contents/Frameworks/IDEFoundation.framework; sourceTree = "<group>"; };
		32ABEDD3187EF9A600D4E980 /* IDEKit.framework */ = {isa = PBXFileReference; lastKnownFileType = wrapper.framework; name = IDEKit.framework; path = ../../../../../Applications/Xcode.app/Contents/Frameworks/IDEKit.framework; sourceTree = "<group>"; };
		32ABEDD8187EFA4F00D4E980 /* TRVSFormatter.h */ = {isa = PBXFileReference; fileEncoding = 4; lastKnownFileType = sourcecode.c.h; path = TRVSFormatter.h; sourceTree = "<group>"; };
		32ABEDD9187EFA4F00D4E980 /* TRVSFormatter.m */ = {isa = PBXFileReference; fileEncoding = 4; lastKnownFileType = sourcecode.c.objc; path = TRVSFormatter.m; sourceTree = "<group>"; };
		32ABEDDA187EFA4F00D4E980 /* TRVSPreferences.h */ = {isa = PBXFileReference; fileEncoding = 4; lastKnownFileType = sourcecode.c.h; path = TRVSPreferences.h; sourceTree = "<group>"; };
		32ABEDDB187EFA4F00D4E980 /* TRVSPreferences.m */ = {isa = PBXFileReference; fileEncoding = 4; lastKnownFileType = sourcecode.c.objc; path = TRVSPreferences.m; sourceTree = "<group>"; };
		32D22368187C28DC008D12A3 /* ClangFormat.xcodeproj */ = {isa = PBXFileReference; lastKnownFileType = "wrapper.pb-project"; path = ClangFormat.xcodeproj; sourceTree = SOURCE_ROOT; };
		32D2236B187C28E1008D12A3 /* clang-format */ = {isa = PBXFileReference; lastKnownFileType = "compiled.mach-o.executable"; name = "clang-format"; path = "bin/clang-format"; sourceTree = SOURCE_ROOT; };
		32F745E218823A57007541E1 /* NSDocument+TRVSClangFormat.h */ = {isa = PBXFileReference; fileEncoding = 4; lastKnownFileType = sourcecode.c.h; path = "NSDocument+TRVSClangFormat.h"; sourceTree = "<group>"; };
		32F745E318823A57007541E1 /* NSDocument+TRVSClangFormat.m */ = {isa = PBXFileReference; fileEncoding = 4; lastKnownFileType = sourcecode.c.objc; path = "NSDocument+TRVSClangFormat.m"; sourceTree = "<group>"; };
/* End PBXFileReference section */

/* Begin PBXFrameworksBuildPhase section */
		32A57EDF187C05A4002DEC9D /* Frameworks */ = {
			isa = PBXFrameworksBuildPhase;
			buildActionMask = 2147483647;
			files = (
				320B996E187C1293003DB7B3 /* Cocoa.framework in Frameworks */,
				32A57EE8187C05A4002DEC9D /* Foundation.framework in Frameworks */,
				32ABEDD4187EF9A600D4E980 /* IDEFoundation.framework in Frameworks */,
				32ABEDD5187EF9A600D4E980 /* IDEKit.framework in Frameworks */,
				32ABEDD0187EF98400D4E980 /* DVTFoundation.framework in Frameworks */,
				32ABEDD1187EF98400D4E980 /* DVTKit.framework in Frameworks */,
			);
			runOnlyForDeploymentPostprocessing = 0;
		};
/* End PBXFrameworksBuildPhase section */

/* Begin PBXGroup section */
		32A57ED9187C05A4002DEC9D = {
			isa = PBXGroup;
			children = (
				32A57EE9187C05A4002DEC9D /* ClangFormat */,
				32A57EE4187C05A4002DEC9D /* Frameworks */,
				32A57EE3187C05A4002DEC9D /* Products */,
			);
			sourceTree = "<group>";
		};
		32A57EE3187C05A4002DEC9D /* Products */ = {
			isa = PBXGroup;
			children = (
				32A57EE2187C05A4002DEC9D /* ClangFormat.xcplugin */,
			);
			name = Products;
			sourceTree = "<group>";
		};
		32A57EE4187C05A4002DEC9D /* Frameworks */ = {
			isa = PBXGroup;
			children = (
				32ABEDD2187EF9A600D4E980 /* IDEFoundation.framework */,
				32ABEDD3187EF9A600D4E980 /* IDEKit.framework */,
				32ABEDCE187EF98400D4E980 /* DVTFoundation.framework */,
				32ABEDCF187EF98400D4E980 /* DVTKit.framework */,
				320B996D187C1293003DB7B3 /* Cocoa.framework */,
				32A57EE5187C05A4002DEC9D /* AppKit.framework */,
				32A57EE7187C05A4002DEC9D /* Foundation.framework */,
			);
			name = Frameworks;
			sourceTree = "<group>";
		};
		32A57EE9187C05A4002DEC9D /* ClangFormat */ = {
			isa = PBXGroup;
			children = (
				32A57EEF187C05A4002DEC9D /* TRVSClangFormat.h */,
				32A57EF0187C05A4002DEC9D /* TRVSClangFormat.m */,
				32ABEDD8187EFA4F00D4E980 /* TRVSFormatter.h */,
				32ABEDD9187EFA4F00D4E980 /* TRVSFormatter.m */,
				3228E443187F200D0037DECF /* TRVSCodeFragment.h */,
				3228E444187F200D0037DECF /* TRVSCodeFragment.m */,
				32ABEDDA187EFA4F00D4E980 /* TRVSPreferences.h */,
				32ABEDDB187EFA4F00D4E980 /* TRVSPreferences.m */,
				32ABEDC8187EF90500D4E980 /* TRVSXcode.h */,
				32ABEDC9187EF90500D4E980 /* TRVSXcode.m */,
				32F745E218823A57007541E1 /* NSDocument+TRVSClangFormat.h */,
				32F745E318823A57007541E1 /* NSDocument+TRVSClangFormat.m */,
				32A57EEA187C05A4002DEC9D /* Supporting Files */,
			);
			path = ClangFormat;
			sourceTree = "<group>";
		};
		32A57EEA187C05A4002DEC9D /* Supporting Files */ = {
			isa = PBXGroup;
			children = (
				32D22368187C28DC008D12A3 /* ClangFormat.xcodeproj */,
				32D2236B187C28E1008D12A3 /* clang-format */,
				32A57EEB187C05A4002DEC9D /* ClangFormat-Info.plist */,
				32A57EEC187C05A4002DEC9D /* InfoPlist.strings */,
				32A57EF2187C05A4002DEC9D /* ClangFormat-Prefix.pch */,
			);
			name = "Supporting Files";
			sourceTree = "<group>";
		};
		32D22369187C28DC008D12A3 /* Products */ = {
			isa = PBXGroup;
			name = Products;
			sourceTree = "<group>";
		};
/* End PBXGroup section */

/* Begin PBXNativeTarget section */
		32A57EE1187C05A4002DEC9D /* ClangFormat */ = {
			isa = PBXNativeTarget;
			buildConfigurationList = 32A57EF5187C05A4002DEC9D /* Build configuration list for PBXNativeTarget "ClangFormat" */;
			buildPhases = (
				32A57EDE187C05A4002DEC9D /* Sources */,
				32A57EDF187C05A4002DEC9D /* Frameworks */,
				32A57EE0187C05A4002DEC9D /* Resources */,
			);
			buildRules = (
			);
			dependencies = (
			);
			name = ClangFormat;
			productName = ClangFormat;
			productReference = 32A57EE2187C05A4002DEC9D /* ClangFormat.xcplugin */;
			productType = "com.apple.product-type.bundle";
		};
/* End PBXNativeTarget section */

/* Begin PBXProject section */
		32A57EDA187C05A4002DEC9D /* Project object */ = {
			isa = PBXProject;
			attributes = {
				LastUpgradeCheck = 0510;
				ORGANIZATIONNAME = "Travis Jeffery";
			};
			buildConfigurationList = 32A57EDD187C05A4002DEC9D /* Build configuration list for PBXProject "ClangFormat" */;
			compatibilityVersion = "Xcode 3.2";
			developmentRegion = English;
			hasScannedForEncodings = 0;
			knownRegions = (
				en,
			);
			mainGroup = 32A57ED9187C05A4002DEC9D;
			productRefGroup = 32A57EE3187C05A4002DEC9D /* Products */;
			projectDirPath = "";
			projectReferences = (
				{
					ProductGroup = 32D22369187C28DC008D12A3 /* Products */;
					ProjectRef = 32D22368187C28DC008D12A3 /* ClangFormat.xcodeproj */;
				},
			);
			projectRoot = "";
			targets = (
				32A57EE1187C05A4002DEC9D /* ClangFormat */,
			);
		};
/* End PBXProject section */

/* Begin PBXResourcesBuildPhase section */
		32A57EE0187C05A4002DEC9D /* Resources */ = {
			isa = PBXResourcesBuildPhase;
			buildActionMask = 2147483647;
			files = (
				32A57EEE187C05A4002DEC9D /* InfoPlist.strings in Resources */,
				32D2236C187C28E1008D12A3 /* clang-format in Resources */,
			);
			runOnlyForDeploymentPostprocessing = 0;
		};
/* End PBXResourcesBuildPhase section */

/* Begin PBXSourcesBuildPhase section */
		32A57EDE187C05A4002DEC9D /* Sources */ = {
			isa = PBXSourcesBuildPhase;
			buildActionMask = 2147483647;
			files = (
				32A57EF1187C05A4002DEC9D /* TRVSClangFormat.m in Sources */,
				3228E445187F200D0037DECF /* TRVSCodeFragment.m in Sources */,
				32ABEDDC187EFA4F00D4E980 /* TRVSFormatter.m in Sources */,
				32F745E418823A57007541E1 /* NSDocument+TRVSClangFormat.m in Sources */,
				32ABEDCA187EF90500D4E980 /* TRVSXcode.m in Sources */,
				32ABEDDD187EFA4F00D4E980 /* TRVSPreferences.m in Sources */,
			);
			runOnlyForDeploymentPostprocessing = 0;
		};
/* End PBXSourcesBuildPhase section */

/* Begin PBXVariantGroup section */
		32A57EEC187C05A4002DEC9D /* InfoPlist.strings */ = {
			isa = PBXVariantGroup;
			children = (
				32A57EED187C05A4002DEC9D /* en */,
			);
			name = InfoPlist.strings;
			sourceTree = "<group>";
		};
/* End PBXVariantGroup section */

/* Begin XCBuildConfiguration section */
		32A57EF3187C05A4002DEC9D /* Debug */ = {
			isa = XCBuildConfiguration;
			buildSettings = {
				ALWAYS_SEARCH_USER_PATHS = NO;
				CLANG_CXX_LANGUAGE_STANDARD = "gnu++0x";
				CLANG_CXX_LIBRARY = "libc++";
				CLANG_ENABLE_OBJC_ARC = YES;
				CLANG_WARN_BOOL_CONVERSION = YES;
				CLANG_WARN_CONSTANT_CONVERSION = YES;
				CLANG_WARN_DIRECT_OBJC_ISA_USAGE = YES_ERROR;
				CLANG_WARN_EMPTY_BODY = YES;
				CLANG_WARN_ENUM_CONVERSION = YES;
				CLANG_WARN_INT_CONVERSION = YES;
				CLANG_WARN_OBJC_ROOT_CLASS = YES_ERROR;
				CLANG_WARN__DUPLICATE_METHOD_MATCH = YES;
				COPY_PHASE_STRIP = NO;
				GCC_C_LANGUAGE_STANDARD = gnu99;
				GCC_DYNAMIC_NO_PIC = NO;
				GCC_ENABLE_OBJC_EXCEPTIONS = YES;
				GCC_OPTIMIZATION_LEVEL = 0;
				GCC_PREPROCESSOR_DEFINITIONS = (
					"DEBUG=1",
					"$(inherited)",
				);
				GCC_SYMBOLS_PRIVATE_EXTERN = NO;
				GCC_WARN_64_TO_32_BIT_CONVERSION = YES;
				GCC_WARN_ABOUT_RETURN_TYPE = YES_ERROR;
				GCC_WARN_UNDECLARED_SELECTOR = YES;
				GCC_WARN_UNINITIALIZED_AUTOS = YES_AGGRESSIVE;
				GCC_WARN_UNUSED_FUNCTION = YES;
				GCC_WARN_UNUSED_VARIABLE = YES;
				MACOSX_DEPLOYMENT_TARGET = 10.8;
				ONLY_ACTIVE_ARCH = YES;
				SDKROOT = macosx;
			};
			name = Debug;
		};
		32A57EF4187C05A4002DEC9D /* Release */ = {
			isa = XCBuildConfiguration;
			buildSettings = {
				ALWAYS_SEARCH_USER_PATHS = NO;
				CLANG_CXX_LANGUAGE_STANDARD = "gnu++0x";
				CLANG_CXX_LIBRARY = "libc++";
				CLANG_ENABLE_OBJC_ARC = YES;
				CLANG_WARN_BOOL_CONVERSION = YES;
				CLANG_WARN_CONSTANT_CONVERSION = YES;
				CLANG_WARN_DIRECT_OBJC_ISA_USAGE = YES_ERROR;
				CLANG_WARN_EMPTY_BODY = YES;
				CLANG_WARN_ENUM_CONVERSION = YES;
				CLANG_WARN_INT_CONVERSION = YES;
				CLANG_WARN_OBJC_ROOT_CLASS = YES_ERROR;
				CLANG_WARN__DUPLICATE_METHOD_MATCH = YES;
				COPY_PHASE_STRIP = YES;
				DEBUG_INFORMATION_FORMAT = "dwarf-with-dsym";
				ENABLE_NS_ASSERTIONS = NO;
				GCC_C_LANGUAGE_STANDARD = gnu99;
				GCC_ENABLE_OBJC_EXCEPTIONS = YES;
				GCC_WARN_64_TO_32_BIT_CONVERSION = YES;
				GCC_WARN_ABOUT_RETURN_TYPE = YES_ERROR;
				GCC_WARN_UNDECLARED_SELECTOR = YES;
				GCC_WARN_UNINITIALIZED_AUTOS = YES_AGGRESSIVE;
				GCC_WARN_UNUSED_FUNCTION = YES;
				GCC_WARN_UNUSED_VARIABLE = YES;
				MACOSX_DEPLOYMENT_TARGET = 10.8;
				SDKROOT = macosx;
			};
			name = Release;
		};
		32A57EF6187C05A4002DEC9D /* Debug */ = {
			isa = XCBuildConfiguration;
			buildSettings = {
				COMBINE_HIDPI_IMAGES = YES;
				DEPLOYMENT_LOCATION = YES;
				DSTROOT = "$(HOME)";
				FRAMEWORK_SEARCH_PATHS = (
					"$(inherited)",
					"$(DEVELOPER_DIR)/../SharedFrameworks",
					"$(DEVELOPER_DIR)/../Frameworks",
				);
				GCC_PRECOMPILE_PREFIX_HEADER = YES;
				GCC_PREFIX_HEADER = "ClangFormat/ClangFormat-Prefix.pch";
				HEADER_SEARCH_PATHS = (
					"$(inherited)",
					"$(DT_TOOLCHAIN_DIR)/usr/include",
				);
				INFOPLIST_FILE = "ClangFormat/ClangFormat-Info.plist";
				INSTALL_PATH = "/Library/Application Support/Developer/Shared/Xcode/Plug-ins";
				LD_RUNPATH_SEARCH_PATHS = "$(inherited) $(DEVELOPER_DIR)";
				PRODUCT_NAME = "$(TARGET_NAME)";
				WRAPPER_EXTENSION = xcplugin;
			};
			name = Debug;
		};
		32A57EF7187C05A4002DEC9D /* Release */ = {
			isa = XCBuildConfiguration;
			buildSettings = {
				COMBINE_HIDPI_IMAGES = YES;
				DEPLOYMENT_LOCATION = YES;
				DSTROOT = "$(HOME)";
				FRAMEWORK_SEARCH_PATHS = (
					"$(inherited)",
					"$(DEVELOPER_DIR)/../SharedFrameworks",
					"$(DEVELOPER_DIR)/../Frameworks",
				);
				GCC_PRECOMPILE_PREFIX_HEADER = YES;
				GCC_PREFIX_HEADER = "ClangFormat/ClangFormat-Prefix.pch";
				HEADER_SEARCH_PATHS = (
					"$(inherited)",
					"$(DT_TOOLCHAIN_DIR)/usr/include",
				);
				INFOPLIST_FILE = "ClangFormat/ClangFormat-Info.plist";
				INSTALL_PATH = "/Library/Application Support/Developer/Shared/Xcode/Plug-ins";
				LD_RUNPATH_SEARCH_PATHS = "$(inherited) $(DEVELOPER_DIR)";
				PRODUCT_NAME = "$(TARGET_NAME)";
				WRAPPER_EXTENSION = xcplugin;
			};
			name = Release;
		};
/* End XCBuildConfiguration section */

/* Begin XCConfigurationList section */
		32A57EDD187C05A4002DEC9D /* Build configuration list for PBXProject "ClangFormat" */ = {
			isa = XCConfigurationList;
			buildConfigurations = (
				32A57EF3187C05A4002DEC9D /* Debug */,
				32A57EF4187C05A4002DEC9D /* Release */,
			);
			defaultConfigurationIsVisible = 0;
			defaultConfigurationName = Release;
		};
		32A57EF5187C05A4002DEC9D /* Build configuration list for PBXNativeTarget "ClangFormat" */ = {
			isa = XCConfigurationList;
			buildConfigurations = (
				32A57EF6187C05A4002DEC9D /* Debug */,
				32A57EF7187C05A4002DEC9D /* Release */,
			);
			defaultConfigurationIsVisible = 0;
			defaultConfigurationName = Release;
		};
/* End XCConfigurationList section */
	};
	rootObject = 32A57EDA187C05A4002DEC9D /* Project object */;
}
